<?xml version="1.0" encoding="utf-8"?>
<Project ToolsVersion="4.0" xmlns="http://schemas.microsoft.com/developer/msbuild/2003">
  <ItemGroup>
    <Filter Include="CS">
      <UniqueIdentifier>{b4ca8718-127a-4c10-89f8-2826ccade8d8}</UniqueIdentifier>
    </Filter>
    <Filter Include="DS">
      <UniqueIdentifier>{7bde7b9f-b659-46c5-b3fc-2b5f5dbbd1dc}</UniqueIdentifier>
    </Filter>
    <Filter Include="GS">
      <UniqueIdentifier>{fd7fdff2-a563-4017-a486-ce5fa455b224}</UniqueIdentifier>
    </Filter>
    <Filter Include="HS">
      <UniqueIdentifier>{1341d8f1-6174-4a5f-8f27-069b485764f3}</UniqueIdentifier>
    </Filter>
    <Filter Include="PS">
      <UniqueIdentifier>{1931789d-fa4d-40e6-bba8-4829d6a16f6d}</UniqueIdentifier>
    </Filter>
    <Filter Include="VS">
      <UniqueIdentifier>{2bc9b665-be58-4575-93ed-ca4e5a34a73e}</UniqueIdentifier>
    </Filter>
  </ItemGroup>
  <ItemGroup>
    <FxCompile Include="$(MSBuildThisFileDirectory)PixelShader.hlsl">
      <Filter>PS</Filter>
    </FxCompile>
    <FxCompile Include="$(MSBuildThisFileDirectory)VertexShader.hlsl">
      <Filter>VS</Filter>
    </FxCompile>
  </ItemGroup>
</Project>