<?xml version="1.0" encoding="utf-8"?>
<Project ToolsVersion="4.0" xmlns="http://schemas.microsoft.com/developer/msbuild/2003">
  <ItemGroup>
    <Filter Include="Engine">
      <UniqueIdentifier>{4c40c163-1db8-4f5b-8121-97da5e313271}</UniqueIdentifier>
    </Filter>
    <Filter Include="Engine\Common">
      <UniqueIdentifier>{4b029edc-776d-4e3c-8522-ba016e66c5b4}</UniqueIdentifier>
    </Filter>
    <Filter Include="Engine\Component">
      <UniqueIdentifier>{8ad587fb-3f5d-41e8-9497-3d9ddae2bd1b}</UniqueIdentifier>
    </Filter>
    <Filter Include="Engine\Graphics">
      <UniqueIdentifier>{8373df5a-5bf7-4f60-9194-ec53c69af504}</UniqueIdentifier>
    </Filter>
    <Filter Include="Engine\Helpers">
      <UniqueIdentifier>{b4ce3b80-e7db-41bb-8491-a24fcfcbf8f4}</UniqueIdentifier>
    </Filter>
    <Filter Include="Engine\High Level Interface">
      <UniqueIdentifier>{a359398f-625d-4e4a-ac32-385ef3219a47}</UniqueIdentifier>
    </Filter>
    <Filter Include="Engine\Resource">
      <UniqueIdentifier>{d24523a6-c6cd-4ef1-99d2-1db989b4156c}</UniqueIdentifier>
    </Filter>
    <Filter Include="Engine\Scene">
      <UniqueIdentifier>{78c6e73f-28cc-412a-b81b-99ab10465e1e}</UniqueIdentifier>
    </Filter>
    <Filter Include="Engine\System">
      <UniqueIdentifier>{627861a7-98c9-40ab-8ba3-7d4473ecefec}</UniqueIdentifier>
    </Filter>
    <Filter Include="Engine\GameObject">
      <UniqueIdentifier>{4882a053-2161-4d0c-844a-4adcbb0b62ed}</UniqueIdentifier>
    </Filter>
    <Filter Include="Engine\Helpers\Math">
      <UniqueIdentifier>{df531221-bba8-4a10-bbff-53187bb86a0d}</UniqueIdentifier>
    </Filter>
    <Filter Include="Engine\Helpers\Time">
      <UniqueIdentifier>{6a2da15a-ee3d-4dac-8f04-415fd8b3e929}</UniqueIdentifier>
    </Filter>
    <Filter Include="Engine\Helpers\Input">
      <UniqueIdentifier>{819897e7-f4b8-437d-8a44-6c4a2a9f5568}</UniqueIdentifier>
    </Filter>
    <Filter Include="Engine\Resource\Manager">
      <UniqueIdentifier>{8883a1d6-6adf-4d7e-a2e4-f2b47f0b8dab}</UniqueIdentifier>
    </Filter>
    <Filter Include="Engine\Resource\Mesh">
      <UniqueIdentifier>{3d4c740d-bdf2-46ea-994c-115980ed4bfe}</UniqueIdentifier>
    </Filter>
    <Filter Include="Engine\Resource\Shader">
      <UniqueIdentifier>{b95898d1-1c40-4336-ba42-111879d10da3}</UniqueIdentifier>
    </Filter>
    <Filter Include="Engine\Graphics\API">
      <UniqueIdentifier>{acb4435a-218e-4dcc-8aba-29b35838c8fe}</UniqueIdentifier>
    </Filter>
  </ItemGroup>
  <ItemGroup>
    <ClInclude Include="$(MSBuildThisFileDirectory)CommonInclude.h">
      <Filter>Engine\Common</Filter>
    </ClInclude>
    <ClInclude Include="$(MSBuildThisFileDirectory)yhEnum.h">
      <Filter>Engine\Common</Filter>
    </ClInclude>
    <ClInclude Include="$(MSBuildThisFileDirectory)yhHeader.h">
      <Filter>Engine\Common</Filter>
    </ClInclude>
    <ClInclude Include="$(MSBuildThisFileDirectory)yhmath.h">
      <Filter>Engine\Helpers\Math</Filter>
    </ClInclude>
    <ClInclude Include="$(MSBuildThisFileDirectory)yhComponent.h">
      <Filter>Engine\Component</Filter>
    </ClInclude>
    <ClInclude Include="$(MSBuildThisFileDirectory)yhApplication.h">
      <Filter>Engine\High Level Interface</Filter>
    </ClInclude>
    <ClInclude Include="$(MSBuildThisFileDirectory)yhMaterial.h">
      <Filter>Engine\High Level Interface</Filter>
    </ClInclude>
    <ClInclude Include="$(MSBuildThisFileDirectory)yhShader.h">
      <Filter>Engine\Resource\Shader</Filter>
    </ClInclude>
    <ClInclude Include="$(MSBuildThisFileDirectory)yhGraphics.h">
      <Filter>Engine\Graphics\API</Filter>
    </ClInclude>
    <ClInclude Include="$(MSBuildThisFileDirectory)yhGraphicsDevice.h">
      <Filter>Engine\Graphics\API</Filter>
    </ClInclude>
    <ClInclude Include="$(MSBuildThisFileDirectory)yhGraphicsDevice_DX11.h">
      <Filter>Engine\Graphics\API</Filter>
    </ClInclude>
    <ClInclude Include="$(MSBuildThisFileDirectory)yhRenderer.h">
      <Filter>Engine\Graphics</Filter>
    </ClInclude>
    <ClInclude Include="$(MSBuildThisFileDirectory)yhEntity.h">
      <Filter>Engine\GameObject</Filter>
    </ClInclude>
    <ClInclude Include="$(MSBuildThisFileDirectory)yhGameObject.h">
      <Filter>Engine\GameObject</Filter>
    </ClInclude>
    <ClInclude Include="$(MSBuildThisFileDirectory)yhInput.h">
      <Filter>Engine\Helpers\Input</Filter>
    </ClInclude>
    <ClInclude Include="$(MSBuildThisFileDirectory)yhTime.h">
      <Filter>Engine\Helpers\Time</Filter>
    </ClInclude>
    <ClInclude Include="$(MSBuildThisFileDirectory)yhResource.h">
      <Filter>Engine\Resource</Filter>
    </ClInclude>
    <ClInclude Include="$(MSBuildThisFileDirectory)yhResourceManager.h">
      <Filter>Engine\Resource\Manager</Filter>
    </ClInclude>
    <ClInclude Include="$(MSBuildThisFileDirectory)yhMesh.h">
      <Filter>Engine\Resource\Mesh</Filter>
    </ClInclude>
    <ClInclude Include="$(MSBuildThisFileDirectory)yhCanvas.h">
      <Filter>Engine\System</Filter>
    </ClInclude>
    <ClInclude Include="$(MSBuildThisFileDirectory)yhScene.h">
      <Filter>Engine\Scene</Filter>
    </ClInclude>
    <ClInclude Include="$(MSBuildThisFileDirectory)yhLayer.h">
      <Filter>Engine\Scene</Filter>
    </ClInclude>
    <ClInclude Include="$(MSBuildThisFileDirectory)yhSceneManager.h">
      <Filter>Engine\Scene</Filter>
    </ClInclude>
    <ClInclude Include="$(MSBuildThisFileDirectory)yhTransform.h">
      <Filter>Engine\Component</Filter>
    </ClInclude>
    <ClInclude Include="$(MSBuildThisFileDirectory)yhMeshRenderer.h">
      <Filter>Engine\Component</Filter>
    </ClInclude>
    <ClInclude Include="$(MSBuildThisFileDirectory)yhScript.h">
      <Filter>Engine\Component</Filter>
    </ClInclude>
    <ClInclude Include="$(MSBuildThisFileDirectory)yhConstantBuffer.h">
      <Filter>Engine\Resource\Shader</Filter>
    </ClInclude>
  </ItemGroup>
  <ItemGroup>
    <ClCompile Include="$(MSBuildThisFileDirectory)yhmath.cpp">
      <Filter>Engine\Helpers\Math</Filter>
    </ClCompile>
    <ClCompile Include="$(MSBuildThisFileDirectory)yhComponent.cpp">
      <Filter>Engine\Component</Filter>
    </ClCompile>
    <ClCompile Include="$(MSBuildThisFileDirectory)yhApplication.cpp">
      <Filter>Engine\High Level Interface</Filter>
    </ClCompile>
    <ClCompile Include="$(MSBuildThisFileDirectory)yhMaterial.cpp">
      <Filter>Engine\High Level Interface</Filter>
    </ClCompile>
    <ClCompile Include="$(MSBuildThisFileDirectory)yhShader.cpp">
      <Filter>Engine\Resource\Shader</Filter>
    </ClCompile>
    <ClCompile Include="$(MSBuildThisFileDirectory)yhGraphicsDevice_DX11.cpp">
      <Filter>Engine\Graphics\API</Filter>
    </ClCompile>
    <ClCompile Include="$(MSBuildThisFileDirectory)yhRenderer.cpp">
      <Filter>Engine\Graphics</Filter>
    </ClCompile>
    <ClCompile Include="$(MSBuildThisFileDirectory)yhEntity.cpp">
      <Filter>Engine\GameObject</Filter>
    </ClCompile>
    <ClCompile Include="$(MSBuildThisFileDirectory)yhGameObject.cpp">
      <Filter>Engine\GameObject</Filter>
    </ClCompile>
    <ClCompile Include="$(MSBuildThisFileDirectory)yhInput.cpp">
      <Filter>Engine\Helpers\Input</Filter>
    </ClCompile>
    <ClCompile Include="$(MSBuildThisFileDirectory)yhTime.cpp">
      <Filter>Engine\Helpers\Time</Filter>
    </ClCompile>
    <ClCompile Include="$(MSBuildThisFileDirectory)yhResource.cpp">
      <Filter>Engine\Resource</Filter>
    </ClCompile>
    <ClCompile Include="$(MSBuildThisFileDirectory)yhResourceManager.cpp">
      <Filter>Engine\Resource\Manager</Filter>
    </ClCompile>
    <ClCompile Include="$(MSBuildThisFileDirectory)yhMesh.cpp">
      <Filter>Engine\Resource\Mesh</Filter>
    </ClCompile>
    <ClCompile Include="$(MSBuildThisFileDirectory)yhScene.cpp">
      <Filter>Engine\Scene</Filter>
    </ClCompile>
    <ClCompile Include="$(MSBuildThisFileDirectory)yhLayer.cpp">
      <Filter>Engine\Scene</Filter>
    </ClCompile>
    <ClCompile Include="$(MSBuildThisFileDirectory)yhSceneManager.cpp">
      <Filter>Engine\Scene</Filter>
    </ClCompile>
    <ClCompile Include="$(MSBuildThisFileDirectory)yhTransform.cpp">
      <Filter>Engine\Component</Filter>
    </ClCompile>
    <ClCompile Include="$(MSBuildThisFileDirectory)yhMeshRenderer.cpp">
      <Filter>Engine\Component</Filter>
    </ClCompile>
    <ClCompile Include="$(MSBuildThisFileDirectory)yhScript.cpp">
      <Filter>Engine\Component</Filter>
    </ClCompile>
    <ClCompile Include="$(MSBuildThisFileDirectory)yhConstantBuffer.cpp">
      <Filter>Engine\Resource\Shader</Filter>
    </ClCompile>
  </ItemGroup>
</Project>